
Microsoft Visual Studio Solution File, Format Version 12.00
# Visual Studio Version 17
VisualStudioVersion = 17.1.32407.343
MinimumVisualStudioVersion = 10.0.40219.1
Project("{FAE04EC0-301F-11D3-BF4B-00C04F79EFBC}") = "task 20", "task 20.csproj", "{EFDD9814-2D5B-440D-860B-658868A58EB2}"
EndProject
Global
	GlobalSection(SolutionConfigurationPlatforms) = preSolution
		Debug|Any CPU = Debug|Any CPU
		Release|Any CPU = Release|Any CPU
	EndGlobalSection
	GlobalSection(ProjectConfigurationPlatforms) = postSolution
		{EFDD9814-2D5B-440D-860B-658868A58EB2}.Debug|Any CPU.ActiveCfg = Debug|Any CPU
		{EFDD9814-2D5B-440D-860B-658868A58EB2}.Debug|Any CPU.Build.0 = Debug|Any CPU
		{EFDD9814-2D5B-440D-860B-658868A58EB2}.Release|Any CPU.ActiveCfg = Release|Any CPU
		{EFDD9814-2D5B-440D-860B-658868A58EB2}.Release|Any CPU.Build.0 = Release|Any CPU
	EndGlobalSection
	GlobalSection(SolutionProperties) = preSolution
		HideSolutionNode = FALSE
	EndGlobalSection
	GlobalSection(ExtensibilityGlobals) = postSolution
		SolutionGuid = {1B35188A-6689-4F7E-A752-AA9EB6B2A4DE}
	EndGlobalSection
EndGlobal
